lockfileVersion: '9.0'

settings:
  autoInstallPeers: true
  excludeLinksFromLockfile: false

importers:

  .:
    devDependencies:
      '@tauri-apps/cli':
        specifier: ^2.11.1
        version: 2.11.1
      '@types/d3':
        specifier: ^7.4.3
        version: 7.4.3

packages:

  '@tauri-apps/cli-darwin-arm64@2.11.1':
    resolution: {integrity: sha512-6eEKMBXsQPCuM1EmvrjT2+aBuxWQuFdKdW8pzNuNQtpq45nEEpBlD5gr8pUeAyOU1DQKlkFaEc/MPBxb/Pfjtg==}
    engines: {node: '>= 10'}
    cpu: [arm64]
    os: [darwin]

  '@tauri-apps/cli-darwin-x64@2.11.1':
    resolution: {integrity: sha512-LQUO7exfRWjWALNhetph5guWpMeHphRpokOLk0OIbTTExaNwJNFu3I4vb+CCM/4G/QGoZe/5XikZOJdNEFP1ig==}
    engines: {node: '>= 10'}
    cpu: [x64]
    os: [darwin]

  '@tauri-apps/cli-linux-arm-gnueabihf@2.11.1':
    resolution: {integrity: sha512-5i/awiBCRRhOUG8yjn0fMHXIWD5Ez8eEk5LtvOxyQrKuJkRaZDvnbIjZbE183blAwkoA4xN3aO/prJiqscl02Q==}
    engines: {node: '>= 10'}
    cpu: [arm]
    os: [linux]

  '@tauri-apps/cli-linux-arm64-gnu@2.11.1':
    resolution: {integrity: sha512-9LrwDw3S9Fygtw/Q6WDhOP+3svJRGAsejeE+GKrc0eO1ThMVhwi2LL6hw4dlKw93IfS7VY1G19sWGxJ/NcU4nA==}
    engines: {node: '>= 10'}
    cpu: [arm64]
    os: [linux]
    libc: [glibc]

  '@tauri-apps/cli-linux-arm64-musl@2.11.1':
    resolution: {integrity: sha512-mNA5dbbqPqDUdTIwdUYYuhO2GvIe9UnB2r0VU2njxBOS3Opbx4gKNC5yP0Iu4rYmEmqdlwry9VzGZQ3wq9dyFg==}
    engines: {node: '>= 10'}
    cpu: [arm64]
    os: [linux]
    libc: [musl]

  '@tauri-apps/cli-linux-riscv64-gnu@2.11.1':
    resolution: {integrity: sha512-fZj3Gwq+6fUs305T5WQiD5iSGJw+j/4w/HGmk4sHDAcy+rp9zU5eaxB7nOyz5/I/nkNAuKPqfp6uIbiUBXkBCw==}
    engines: {node: '>= 10'}
    cpu: [riscv64]
    os: [linux]
    libc: [glibc]

  '@tauri-apps/cli-linux-x64-gnu@2.11.1':
    resolution: {integrity: sha512-XFxGxOvHM7jjeD6ozCKdGfhzJ7lERYDGZl1/Kb4fsvchaJsfLJ981TlyTG8Qy/gFq+f5GitH3bfrX9JAkjPEyw==}
    engines: {node: '>= 10'}
    cpu: [x64]
    os: [linux]
    libc: [glibc]

  '@tauri-apps/cli-linux-x64-musl@2.11.1':
    resolution: {integrity: sha512-d5C2/Zm+68v7R9wTuTCjRQEVrWjcdMkJBZ1+rXse+QdMMlTB9+u9PDNDLw9PQflWxYLaYZ7tjxxL9Nb9II6PbA==}
    engines: {node: '>= 10'}
    cpu: [x64]
    os: [linux]
    libc: [musl]

  '@tauri-apps/cli-win32-arm64-msvc@2.11.1':
    resolution: {integrity: sha512-YdeVWFAR1pTXzUU6NLstPq4G6OLxuDrXCXEBdmBH+5EZIDXUx0D2kJlz3+YjpazkKvAzYpgziTsyRagls0OfRQ==}
    engines: {node: '>= 10'}
    cpu: [arm64]
    os: [win32]

  '@tauri-apps/cli-win32-ia32-msvc@2.11.1':
    resolution: {integrity: sha512-VBGkuH0eB9K9LLSMv361Gzr5Ou72sCS4+ztpmkWEQ+wd/amhcYOsf3X6qn1RJZDzIhiOYHJEOysZUC3baD01rA==}
    engines: {node: '>= 10'}
    cpu: [ia32]
    os: [win32]

  '@tauri-apps/cli-win32-x64-msvc@2.11.1':
    resolution: {integrity: sha512-b3ORhIAKgp9ZYY+zBt7b7r0kLU2kjvyGF0+MS2SBym3emsweGPybEqocJcmtMuxyBhkOKHP4CiuEJEDuAlTx6A==}
    engines: {node: '>= 10'}
    cpu: [x64]
    os: [win32]

  '@tauri-apps/cli@2.11.1':
    resolution: {integrity: sha512-rpEbaJ/HzNb6fwsquwoAbq29/Vt4gADhS423A8fdkwL4edJ0wZmoB8ar7O6JPDL834MUKOCm/rrJ7c9oAaEaYQ==}
    engines: {node: '>= 10'}
    hasBin: true

  '@types/d3-array@3.2.2':
    resolution: {integrity: sha512-hOLWVbm7uRza0BYXpIIW5pxfrKe0W+D5lrFiAEYR+pb6w3N2SwSMaJbXdUfSEv+dT4MfHBLtn5js0LAWaO6otw==}

  '@types/d3-axis@3.0.6':
    resolution: {integrity: sha512-pYeijfZuBd87T0hGn0FO1vQ/cgLk6E1ALJjfkC0oJ8cbwkZl3TpgS8bVBLZN+2jjGgg38epgxb2zmoGtSfvgMw==}

  '@types/d3-brush@3.0.6':
    resolution: {integrity: sha512-nH60IZNNxEcrh6L1ZSMNA28rj27ut/2ZmI3r96Zd+1jrZD++zD3LsMIjWlvg4AYrHn/Pqz4CF3veCxGjtbqt7A==}

  '@types/d3-chord@3.0.6':
    resolution: {integrity: sha512-LFYWWd8nwfwEmTZG9PfQxd17HbNPksHBiJHaKuY1XeqscXacsS2tyoo6OdRsjf+NQYeB6XrNL3a25E3gH69lcg==}

  '@types/d3-color@3.1.3':
    resolution: {integrity: sha512-iO90scth9WAbmgv7ogoq57O9YpKmFBbmoEoCHDB2xMBY0+/KVrqAaCDyCE16dUspeOvIxFFRI+0sEtqDqy2b4A==}

  '@types/d3-contour@3.0.6':
    resolution: {integrity: sha512-BjzLgXGnCWjUSYGfH1cpdo41/hgdWETu4YxpezoztawmqsvCeep+8QGfiY6YbDvfgHz/DkjeIkkZVJavB4a3rg==}

  '@types/d3-delaunay@6.0.4':
    resolution: {integrity: sha512-ZMaSKu4THYCU6sV64Lhg6qjf1orxBthaC161plr5KuPHo3CNm8DTHiLw/5Eq2b6TsNP0W0iJrUOFscY6Q450Hw==}

  '@types/d3-dispatch@3.0.7':
    resolution: {integrity: sha512-5o9OIAdKkhN1QItV2oqaE5KMIiXAvDWBDPrD85e58Qlz1c1kI/J0NcqbEG88CoTwJrYe7ntUCVfeUl2UJKbWgA==}

  '@types/d3-drag@3.0.7':
    resolution: {integrity: sha512-HE3jVKlzU9AaMazNufooRJ5ZpWmLIoc90A37WU2JMmeq28w1FQqCZswHZ3xR+SuxYftzHq6WU6KJHvqxKzTxxQ==}

  '@types/d3-dsv@3.0.7':
    resolution: {integrity: sha512-n6QBF9/+XASqcKK6waudgL0pf/S5XHPPI8APyMLLUHd8NqouBGLsU8MgtO7NINGtPBtk9Kko/W4ea0oAspwh9g==}

  '@types/d3-ease@3.0.2':
    resolution: {integrity: sha512-NcV1JjO5oDzoK26oMzbILE6HW7uVXOHLQvHshBUW4UMdZGfiY6v5BeQwh9a9tCzv+CeefZQHJt5SRgK154RtiA==}

  '@types/d3-fetch@3.0.7':
    resolution: {integrity: sha512-fTAfNmxSb9SOWNB9IoG5c8Hg6R+AzUHDRlsXsDZsNp6sxAEOP0tkP3gKkNSO/qmHPoBFTxNrjDprVHDQDvo5aA==}

  '@types/d3-force@3.0.10':
    resolution: {integrity: sha512-ZYeSaCF3p73RdOKcjj+swRlZfnYpK1EbaDiYICEEp5Q6sUiqFaFQ9qgoshp5CzIyyb/yD09kD9o2zEltCexlgw==}

  '@types/d3-format@3.0.4':
    resolution: {integrity: sha512-fALi2aI6shfg7vM5KiR1wNJnZ7r6UuggVqtDA+xiEdPZQwy/trcQaHnwShLuLdta2rTymCNpxYTiMZX/e09F4g==}

  '@types/d3-geo@3.1.0':
    resolution: {integrity: sha512-856sckF0oP/diXtS4jNsiQw/UuK5fQG8l/a9VVLeSouf1/PPbBE1i1W852zVwKwYCBkFJJB7nCFTbk6UMEXBOQ==}

  '@types/d3-hierarchy@3.1.7':
    resolution: {integrity: sha512-tJFtNoYBtRtkNysX1Xq4sxtjK8YgoWUNpIiUee0/jHGRwqvzYxkq0hGVbbOGSz+JgFxxRu4K8nb3YpG3CMARtg==}

  '@types/d3-interpolate@3.0.4':
    resolution: {integrity: sha512-mgLPETlrpVV1YRJIglr4Ez47g7Yxjl1lj7YKsiMCb27VJH9W8NVM6Bb9d8kkpG/uAQS5AmbA48q2IAolKKo1MA==}

  '@types/d3-path@3.1.1':
    resolution: {integrity: sha512-VMZBYyQvbGmWyWVea0EHs/BwLgxc+MKi1zLDCONksozI4YJMcTt8ZEuIR4Sb1MMTE8MMW49v0IwI5+b7RmfWlg==}

  '@types/d3-polygon@3.0.2':
    resolution: {integrity: sha512-ZuWOtMaHCkN9xoeEMr1ubW2nGWsp4nIql+OPQRstu4ypeZ+zk3YKqQT0CXVe/PYqrKpZAi+J9mTs05TKwjXSRA==}

  '@types/d3-quadtree@3.0.6':
    resolution: {integrity: sha512-oUzyO1/Zm6rsxKRHA1vH0NEDG58HrT5icx/azi9MF1TWdtttWl0UIUsjEQBBh+SIkrpd21ZjEv7ptxWys1ncsg==}

  '@types/d3-random@3.0.3':
    resolution: {integrity: sha512-Imagg1vJ3y76Y2ea0871wpabqp613+8/r0mCLEBfdtqC7xMSfj9idOnmBYyMoULfHePJyxMAw3nWhJxzc+LFwQ==}

  '@types/d3-scale-chromatic@3.1.0':
    resolution: {integrity: sha512-iWMJgwkK7yTRmWqRB5plb1kadXyQ5Sj8V/zYlFGMUBbIPKQScw+Dku9cAAMgJG+z5GYDoMjWGLVOvjghDEFnKQ==}

  '@types/d3-scale@4.0.9':
    resolution: {integrity: sha512-dLmtwB8zkAeO/juAMfnV+sItKjlsw2lKdZVVy6LRr0cBmegxSABiLEpGVmSJJ8O08i4+sGR6qQtb6WtuwJdvVw==}

  '@types/d3-selection@3.0.11':
    resolution: {integrity: sha512-bhAXu23DJWsrI45xafYpkQ4NtcKMwWnAC/vKrd2l+nxMFuvOT3XMYTIj2opv8vq8AO5Yh7Qac/nSeP/3zjTK0w==}

  '@types/d3-shape@3.1.8':
    resolution: {integrity: sha512-lae0iWfcDeR7qt7rA88BNiqdvPS5pFVPpo5OfjElwNaT2yyekbM0C9vK+yqBqEmHr6lDkRnYNoTBYlAgJa7a4w==}

  '@types/d3-time-format@4.0.3':
    resolution: {integrity: sha512-5xg9rC+wWL8kdDj153qZcsJ0FWiFt0J5RB6LYUNZjwSnesfblqrI/bJ1wBdJ8OQfncgbJG5+2F+qfqnqyzYxyg==}

  '@types/d3-time@3.0.4':
    resolution: {integrity: sha512-yuzZug1nkAAaBlBBikKZTgzCeA+k1uy4ZFwWANOfKw5z5LRhV0gNA7gNkKm7HoK+HRN0wX3EkxGk0fpbWhmB7g==}

  '@types/d3-timer@3.0.2':
    resolution: {integrity: sha512-Ps3T8E8dZDam6fUyNiMkekK3XUsaUEik+idO9/YjPtfj2qruF8tFBXS7XhtE4iIXBLxhmLjP3SXpLhVf21I9Lw==}

  '@types/d3-transition@3.0.9':
    resolution: {integrity: sha512-uZS5shfxzO3rGlu0cC3bjmMFKsXv+SmZZcgp0KD22ts4uGXp5EVYGzu/0YdwZeKmddhcAccYtREJKkPfXkZuCg==}

  '@types/d3-zoom@3.0.8':
    resolution: {integrity: sha512-iqMC4/YlFCSlO8+2Ii1GGGliCAY4XdeG748w5vQUbevlbDu0zSjH/+jojorQVBK/se0j6DUFNPBGSqD3YWYnDw==}

  '@types/d3@7.4.3':
    resolution: {integrity: sha512-lZXZ9ckh5R8uiFVt8ogUNf+pIrK4EsWrx2Np75WvF/eTpJ0FMHNhjXk8CKEx/+gpHbNQyJWehbFaTvqmHWB3ww==}

  '@types/geojson@7946.0.16':
    resolution: {integrity: sha512-6C8nqWur3j98U6+lXDfTUWIfgvZU+EumvpHKcYjujKH7woYyLj2sUmff0tRhrqM7BohUw7Pz3ZB1jj2gW9Fvmg==}

snapshots:

  '@tauri-apps/cli-darwin-arm64@2.11.1':
    optional: true

  '@tauri-apps/cli-darwin-x64@2.11.1':
    optional: true

  '@tauri-apps/cli-linux-arm-gnueabihf@2.11.1':
    optional: true

  '@tauri-apps/cli-linux-arm64-gnu@2.11.1':
    optional: true

  '@tauri-apps/cli-linux-arm64-musl@2.11.1':
    optional: true

  '@tauri-apps/cli-linux-riscv64-gnu@2.11.1':
    optional: true

  '@tauri-apps/cli-linux-x64-gnu@2.11.1':
    optional: true

  '@tauri-apps/cli-linux-x64-musl@2.11.1':
    optional: true

  '@tauri-apps/cli-win32-arm64-msvc@2.11.1':
    optional: true

  '@tauri-apps/cli-win32-ia32-msvc@2.11.1':
    optional: true

  '@tauri-apps/cli-win32-x64-msvc@2.11.1':
    optional: true

  '@tauri-apps/cli@2.11.1':
    optionalDependencies:
      '@tauri-apps/cli-darwin-arm64': 2.11.1
      '@tauri-apps/cli-darwin-x64': 2.11.1
      '@tauri-apps/cli-linux-arm-gnueabihf': 2.11.1
      '@tauri-apps/cli-linux-arm64-gnu': 2.11.1
      '@tauri-apps/cli-linux-arm64-musl': 2.11.1
      '@tauri-apps/cli-linux-riscv64-gnu': 2.11.1
      '@tauri-apps/cli-linux-x64-gnu': 2.11.1
      '@tauri-apps/cli-linux-x64-musl': 2.11.1
      '@tauri-apps/cli-win32-arm64-msvc': 2.11.1
      '@tauri-apps/cli-win32-ia32-msvc': 2.11.1
      '@tauri-apps/cli-win32-x64-msvc': 2.11.1

  '@types/d3-array@3.2.2': {}

  '@types/d3-axis@3.0.6':
    dependencies:
      '@types/d3-selection': 3.0.11

  '@types/d3-brush@3.0.6':
    dependencies:
      '@types/d3-selection': 3.0.11

  '@types/d3-chord@3.0.6': {}

  '@types/d3-color@3.1.3': {}

  '@types/d3-contour@3.0.6':
    dependencies:
      '@types/d3-array': 3.2.2
      '@types/geojson': 7946.0.16

  '@types/d3-delaunay@6.0.4': {}

  '@types/d3-dispatch@3.0.7': {}

  '@types/d3-drag@3.0.7':
    dependencies:
      '@types/d3-selection': 3.0.11

  '@types/d3-dsv@3.0.7': {}

  '@types/d3-ease@3.0.2': {}

  '@types/d3-fetch@3.0.7':
    dependencies:
      '@types/d3-dsv': 3.0.7

  '@types/d3-force@3.0.10': {}

  '@types/d3-format@3.0.4': {}

  '@types/d3-geo@3.1.0':
    dependencies:
      '@types/geojson': 7946.0.16

  '@types/d3-hierarchy@3.1.7': {}

  '@types/d3-interpolate@3.0.4':
    dependencies:
      '@types/d3-color': 3.1.3

  '@types/d3-path@3.1.1': {}

  '@types/d3-polygon@3.0.2': {}

  '@types/d3-quadtree@3.0.6': {}

  '@types/d3-random@3.0.3': {}

  '@types/d3-scale-chromatic@3.1.0': {}

  '@types/d3-scale@4.0.9':
    dependencies:
      '@types/d3-time': 3.0.4

  '@types/d3-selection@3.0.11': {}

  '@types/d3-shape@3.1.8':
    dependencies:
      '@types/d3-path': 3.1.1

  '@types/d3-time-format@4.0.3': {}

  '@types/d3-time@3.0.4': {}

  '@types/d3-timer@3.0.2': {}

  '@types/d3-transition@3.0.9':
    dependencies:
      '@types/d3-selection': 3.0.11

  '@types/d3-zoom@3.0.8':
    dependencies:
      '@types/d3-interpolate': 3.0.4
      '@types/d3-selection': 3.0.11

  '@types/d3@7.4.3':
    dependencies:
      '@types/d3-array': 3.2.2
      '@types/d3-axis': 3.0.6
      '@types/d3-brush': 3.0.6
      '@types/d3-chord': 3.0.6
      '@types/d3-color': 3.1.3
      '@types/d3-contour': 3.0.6
      '@types/d3-delaunay': 6.0.4
      '@types/d3-dispatch': 3.0.7
      '@types/d3-drag': 3.0.7
      '@types/d3-dsv': 3.0.7
      '@types/d3-ease': 3.0.2
      '@types/d3-fetch': 3.0.7
      '@types/d3-force': 3.0.10
      '@types/d3-format': 3.0.4
      '@types/d3-geo': 3.1.0
      '@types/d3-hierarchy': 3.1.7
      '@types/d3-interpolate': 3.0.4
      '@types/d3-path': 3.1.1
      '@types/d3-polygon': 3.0.2
      '@types/d3-quadtree': 3.0.6
      '@types/d3-random': 3.0.3
      '@types/d3-scale': 4.0.9
      '@types/d3-scale-chromatic': 3.1.0
      '@types/d3-selection': 3.0.11
      '@types/d3-shape': 3.1.8
      '@types/d3-time': 3.0.4
      '@types/d3-time-format': 4.0.3
      '@types/d3-timer': 3.0.2
      '@types/d3-transition': 3.0.9
      '@types/d3-zoom': 3.0.8

  '@types/geojson@7946.0.16': {}
